
Microsoft Visual Studio Solution File, Format Version 12.00
# Visual Studio 15
VisualStudioVersion = 15.0.28307.329
MinimumVisualStudioVersion = 10.0.40219.1
Project("{FAE04EC0-301F-11D3-BF4B-00C04F79EFBC}") = "HTTPServerClient", "HTTPServerClient\HTTPServerClient.csproj", "{AFB8016E-0C43-413A-A63B-BB2D025CE18D}"
EndProject
Project("{FAE04EC0-301F-11D3-BF4B-00C04F79EFBC}") = "Server", "Server\Server.csproj", "{7910B66B-A55D-4AED-9A0E-5C2CE379F79B}"
EndProject
Global
	GlobalSection(SolutionConfigurationPlatforms) = preSolution
		Debug|Any CPU = Debug|Any CPU
		Release|Any CPU = Release|Any CPU
	EndGlobalSection
	GlobalSection(ProjectConfigurationPlatforms) = postSolution
		{AFB8016E-0C43-413A-A63B-BB2D025CE18D}.Debug|Any CPU.ActiveCfg = Debug|Any CPU
		{AFB8016E-0C43-413A-A63B-BB2D025CE18D}.Debug|Any CPU.Build.0 = Debug|Any CPU
		{AFB8016E-0C43-413A-A63B-BB2D025CE18D}.Release|Any CPU.ActiveCfg = Release|Any CPU
		{AFB8016E-0C43-413A-A63B-BB2D025CE18D}.Release|Any CPU.Build.0 = Release|Any CPU
		{7910B66B-A55D-4AED-9A0E-5C2CE379F79B}.Debug|Any CPU.ActiveCfg = Debug|Any CPU
		{7910B66B-A55D-4AED-9A0E-5C2CE379F79B}.Debug|Any CPU.Build.0 = Debug|Any CPU
		{7910B66B-A55D-4AED-9A0E-5C2CE379F79B}.Release|Any CPU.ActiveCfg = Release|Any CPU
		{7910B66B-A55D-4AED-9A0E-5C2CE379F79B}.Release|Any CPU.Build.0 = Release|Any CPU
	EndGlobalSection
	GlobalSection(SolutionProperties) = preSolution
		HideSolutionNode = FALSE
	EndGlobalSection
	GlobalSection(ExtensibilityGlobals) = postSolution
		SolutionGuid = {B0D70D24-2723-4F42-87FB-60E3C25F97F5}
	EndGlobalSection
EndGlobal
